// !$*UTF8*$!
{
	archiveVersion = 1;
	classes = {
	};
	objectVersion = 52;
	objects = {

/* Begin PBXBuildFile section */
		2D0F793C240D793C00F914BE /* AppDelegate.swift in Sources */ = {isa = PBXBuildFile; fileRef = 2D0F793B240D793C00F914BE /* AppDelegate.swift */; };
		2D0F7945240D793D00F914BE /* Assets.xcassets in Resources */ = {isa = PBXBuildFile; fileRef = 2D0F7944240D793D00F914BE /* Assets.xcassets */; };
		2D0F7948240D793D00F914BE /* LaunchScreen.storyboard in Resources */ = {isa = PBXBuildFile; fileRef = 2D0F7946240D793D00F914BE /* LaunchScreen.storyboard */; };
		2D0F7953240D793D00F914BE /* NewsAppTests.swift in Sources */ = {isa = PBXBuildFile; fileRef = 2D0F7952240D793D00F914BE /* NewsAppTests.swift */; };
		2D0F795E240D7A3100F914BE /* AppFlowController.swift in Sources */ = {isa = PBXBuildFile; fileRef = 2D0F795D240D7A3100F914BE /* AppFlowController.swift */; };
		2D0F795F240D7A3100F914BE /* AppFlowController.swift in Sources */ = {isa = PBXBuildFile; fileRef = 2D0F795D240D7A3100F914BE /* AppFlowController.swift */; };
		2D0F7963240D7C9600F914BE /* NewsListViewController.swift in Sources */ = {isa = PBXBuildFile; fileRef = 2D0F7962240D7C9600F914BE /* NewsListViewController.swift */; };
		2D0F7964240D7C9600F914BE /* NewsListViewController.swift in Sources */ = {isa = PBXBuildFile; fileRef = 2D0F7962240D7C9600F914BE /* NewsListViewController.swift */; };
		2D0F7969240D7D0F00F914BE /* UIColor+App.swift in Sources */ = {isa = PBXBuildFile; fileRef = 2D0F7968240D7D0F00F914BE /* UIColor+App.swift */; };
		2D0F796A240D7D0F00F914BE /* UIColor+App.swift in Sources */ = {isa = PBXBuildFile; fileRef = 2D0F7968240D7D0F00F914BE /* UIColor+App.swift */; };
		2D0F796C240D7FA800F914BE /* UIViewController+Child.swift in Sources */ = {isa = PBXBuildFile; fileRef = 2D0F796B240D7FA800F914BE /* UIViewController+Child.swift */; };
		2D0F796D240D7FA800F914BE /* UIViewController+Child.swift in Sources */ = {isa = PBXBuildFile; fileRef = 2D0F796B240D7FA800F914BE /* UIViewController+Child.swift */; };
		2D0F7975240FDA1E00F914BE /* Resource.swift in Sources */ = {isa = PBXBuildFile; fileRef = 2D0F796F240FDA1D00F914BE /* Resource.swift */; };
		2D0F7976240FDA1E00F914BE /* Resource.swift in Sources */ = {isa = PBXBuildFile; fileRef = 2D0F796F240FDA1D00F914BE /* Resource.swift */; };
		2D0F7977240FDA1E00F914BE /* NetworkConstants.swift in Sources */ = {isa = PBXBuildFile; fileRef = 2D0F7970240FDA1D00F914BE /* NetworkConstants.swift */; };
		2D0F7978240FDA1E00F914BE /* NetworkConstants.swift in Sources */ = {isa = PBXBuildFile; fileRef = 2D0F7970240FDA1D00F914BE /* NetworkConstants.swift */; };
		2D0F7979240FDA1E00F914BE /* NetworkManager.swift in Sources */ = {isa = PBXBuildFile; fileRef = 2D0F7971240FDA1D00F914BE /* NetworkManager.swift */; };
		2D0F797A240FDA1E00F914BE /* NetworkManager.swift in Sources */ = {isa = PBXBuildFile; fileRef = 2D0F7971240FDA1D00F914BE /* NetworkManager.swift */; };
		2D0F797B240FDA1E00F914BE /* URL+NetworkManager.swift in Sources */ = {isa = PBXBuildFile; fileRef = 2D0F7972240FDA1E00F914BE /* URL+NetworkManager.swift */; };
		2D0F797C240FDA1E00F914BE /* URL+NetworkManager.swift in Sources */ = {isa = PBXBuildFile; fileRef = 2D0F7972240FDA1E00F914BE /* URL+NetworkManager.swift */; };
		2D0F797D240FDA1E00F914BE /* NetworkConfiguration.swift in Sources */ = {isa = PBXBuildFile; fileRef = 2D0F7973240FDA1E00F914BE /* NetworkConfiguration.swift */; };
		2D0F797E240FDA1E00F914BE /* NetworkConfiguration.swift in Sources */ = {isa = PBXBuildFile; fileRef = 2D0F7973240FDA1E00F914BE /* NetworkConfiguration.swift */; };
		2D0F797F240FDA1E00F914BE /* Data+NetworkManager.swift in Sources */ = {isa = PBXBuildFile; fileRef = 2D0F7974240FDA1E00F914BE /* Data+NetworkManager.swift */; };
		2D0F7980240FDA1E00F914BE /* Data+NetworkManager.swift in Sources */ = {isa = PBXBuildFile; fileRef = 2D0F7974240FDA1E00F914BE /* Data+NetworkManager.swift */; };
		2D0F7988240FDA4100F914BE /* ErrorReport.swift in Sources */ = {isa = PBXBuildFile; fileRef = 2D0F7982240FDA4000F914BE /* ErrorReport.swift */; };
		2D0F7989240FDA4100F914BE /* ErrorReport.swift in Sources */ = {isa = PBXBuildFile; fileRef = 2D0F7982240FDA4000F914BE /* ErrorReport.swift */; };
		2D0F798A240FDA4100F914BE /* AlertModel.swift in Sources */ = {isa = PBXBuildFile; fileRef = 2D0F7983240FDA4000F914BE /* AlertModel.swift */; };
		2D0F798B240FDA4100F914BE /* AlertModel.swift in Sources */ = {isa = PBXBuildFile; fileRef = 2D0F7983240FDA4000F914BE /* AlertModel.swift */; };
		2D0F798C240FDA4100F914BE /* UIAlertController+ErrorHandler.swift in Sources */ = {isa = PBXBuildFile; fileRef = 2D0F7984240FDA4000F914BE /* UIAlertController+ErrorHandler.swift */; };
		2D0F798D240FDA4100F914BE /* UIAlertController+ErrorHandler.swift in Sources */ = {isa = PBXBuildFile; fileRef = 2D0F7984240FDA4000F914BE /* UIAlertController+ErrorHandler.swift */; };
		2D0F798E240FDA4100F914BE /* Cause.swift in Sources */ = {isa = PBXBuildFile; fileRef = 2D0F7985240FDA4000F914BE /* Cause.swift */; };
		2D0F798F240FDA4100F914BE /* Cause.swift in Sources */ = {isa = PBXBuildFile; fileRef = 2D0F7985240FDA4000F914BE /* Cause.swift */; };
		2D0F7990240FDA4100F914BE /* ErrorHandler.swift in Sources */ = {isa = PBXBuildFile; fileRef = 2D0F7986240FDA4000F914BE /* ErrorHandler.swift */; };
		2D0F7991240FDA4100F914BE /* ErrorHandler.swift in Sources */ = {isa = PBXBuildFile; fileRef = 2D0F7986240FDA4000F914BE /* ErrorHandler.swift */; };
		2D0F7992240FDA4100F914BE /* PreconditionFailed.swift in Sources */ = {isa = PBXBuildFile; fileRef = 2D0F7987240FDA4000F914BE /* PreconditionFailed.swift */; };
		2D0F7993240FDA4100F914BE /* PreconditionFailed.swift in Sources */ = {isa = PBXBuildFile; fileRef = 2D0F7987240FDA4000F914BE /* PreconditionFailed.swift */; };
		2D0F7996240FDB6000F914BE /* NewsService.swift in Sources */ = {isa = PBXBuildFile; fileRef = 2D0F7995240FDB6000F914BE /* NewsService.swift */; };
		2D0F7997240FDB6000F914BE /* NewsService.swift in Sources */ = {isa = PBXBuildFile; fileRef = 2D0F7995240FDB6000F914BE /* NewsService.swift */; };
		2D0F7999240FDC7800F914BE /* NewsList.swift in Sources */ = {isa = PBXBuildFile; fileRef = 2D0F7998240FDC7800F914BE /* NewsList.swift */; };
		2D0F799A240FDC7900F914BE /* NewsList.swift in Sources */ = {isa = PBXBuildFile; fileRef = 2D0F7998240FDC7800F914BE /* NewsList.swift */; };
		2D9DC19624140B74000E2ACD /* NewsItemTableViewCell.swift in Sources */ = {isa = PBXBuildFile; fileRef = 2D9DC19524140B74000E2ACD /* NewsItemTableViewCell.swift */; };
		2D9DC19724140B74000E2ACD /* NewsItemTableViewCell.swift in Sources */ = {isa = PBXBuildFile; fileRef = 2D9DC19524140B74000E2ACD /* NewsItemTableViewCell.swift */; };
		2D9DC19A241419AC000E2ACD /* NewsDetailsViewController.swift in Sources */ = {isa = PBXBuildFile; fileRef = 2D9DC199241419AC000E2ACD /* NewsDetailsViewController.swift */; };
		2D9DC19B241419AC000E2ACD /* NewsDetailsViewController.swift in Sources */ = {isa = PBXBuildFile; fileRef = 2D9DC199241419AC000E2ACD /* NewsDetailsViewController.swift */; };
		2D9DC19E2414235E000E2ACD /* Kingfisher in Frameworks */ = {isa = PBXBuildFile; productRef = 2D9DC19D2414235E000E2ACD /* Kingfisher */; };
/* End PBXBuildFile section */

/* Begin PBXContainerItemProxy section */
		2D0F794F240D793D00F914BE /* PBXContainerItemProxy */ = {
			isa = PBXContainerItemProxy;
			containerPortal = 2D0F7930240D793B00F914BE /* Project object */;
			proxyType = 1;
			remoteGlobalIDString = 2D0F7937240D793B00F914BE;
			remoteInfo = NewsApp;
		};
/* End PBXContainerItemProxy section */

/* Begin PBXFileReference section */
		2D0F7938240D793B00F914BE /* NewsApp.app */ = {isa = PBXFileReference; explicitFileType = wrapper.application; includeInIndex = 0; path = NewsApp.app; sourceTree = BUILT_PRODUCTS_DIR; };
		2D0F793B240D793C00F914BE /* AppDelegate.swift */ = {isa = PBXFileReference; lastKnownFileType = sourcecode.swift; path = AppDelegate.swift; sourceTree = "<group>"; };
		2D0F7944240D793D00F914BE /* Assets.xcassets */ = {isa = PBXFileReference; lastKnownFileType = folder.assetcatalog; path = Assets.xcassets; sourceTree = "<group>"; };
		2D0F7947240D793D00F914BE /* Base */ = {isa = PBXFileReference; lastKnownFileType = file.storyboard; name = Base; path = Base.lproj/LaunchScreen.storyboard; sourceTree = "<group>"; };
		2D0F7949240D793D00F914BE /* Info.plist */ = {isa = PBXFileReference; lastKnownFileType = text.plist.xml; path = Info.plist; sourceTree = "<group>"; };
		2D0F794E240D793D00F914BE /* NewsAppTests.xctest */ = {isa = PBXFileReference; explicitFileType = wrapper.cfbundle; includeInIndex = 0; path = NewsAppTests.xctest; sourceTree = BUILT_PRODUCTS_DIR; };
		2D0F7952240D793D00F914BE /* NewsAppTests.swift */ = {isa = PBXFileReference; lastKnownFileType = sourcecode.swift; path = NewsAppTests.swift; sourceTree = "<group>"; };
		2D0F7954240D793D00F914BE /* Info.plist */ = {isa = PBXFileReference; lastKnownFileType = text.plist.xml; path = Info.plist; sourceTree = "<group>"; };
		2D0F795D240D7A3100F914BE /* AppFlowController.swift */ = {isa = PBXFileReference; lastKnownFileType = sourcecode.swift; path = AppFlowController.swift; sourceTree = "<group>"; };
		2D0F7961240D7B5000F914BE /* debug.xcconfig */ = {isa = PBXFileReference; lastKnownFileType = text.xcconfig; path = debug.xcconfig; sourceTree = "<group>"; };
		2D0F7962240D7C9600F914BE /* NewsListViewController.swift */ = {isa = PBXFileReference; lastKnownFileType = sourcecode.swift; path = NewsListViewController.swift; sourceTree = "<group>"; };
		2D0F7968240D7D0F00F914BE /* UIColor+App.swift */ = {isa = PBXFileReference; lastKnownFileType = sourcecode.swift; path = "UIColor+App.swift"; sourceTree = "<group>"; };
		2D0F796B240D7FA800F914BE /* UIViewController+Child.swift */ = {isa = PBXFileReference; lastKnownFileType = sourcecode.swift; path = "UIViewController+Child.swift"; sourceTree = "<group>"; };
		2D0F796F240FDA1D00F914BE /* Resource.swift */ = {isa = PBXFileReference; fileEncoding = 4; lastKnownFileType = sourcecode.swift; path = Resource.swift; sourceTree = "<group>"; };
		2D0F7970240FDA1D00F914BE /* NetworkConstants.swift */ = {isa = PBXFileReference; fileEncoding = 4; lastKnownFileType = sourcecode.swift; path = NetworkConstants.swift; sourceTree = "<group>"; };
		2D0F7971240FDA1D00F914BE /* NetworkManager.swift */ = {isa = PBXFileReference; fileEncoding = 4; lastKnownFileType = sourcecode.swift; path = NetworkManager.swift; sourceTree = "<group>"; };
		2D0F7972240FDA1E00F914BE /* URL+NetworkManager.swift */ = {isa = PBXFileReference; fileEncoding = 4; lastKnownFileType = sourcecode.swift; path = "URL+NetworkManager.swift"; sourceTree = "<group>"; };
		2D0F7973240FDA1E00F914BE /* NetworkConfiguration.swift */ = {isa = PBXFileReference; fileEncoding = 4; lastKnownFileType = sourcecode.swift; path = NetworkConfiguration.swift; sourceTree = "<group>"; };
		2D0F7974240FDA1E00F914BE /* Data+NetworkManager.swift */ = {isa = PBXFileReference; fileEncoding = 4; lastKnownFileType = sourcecode.swift; path = "Data+NetworkManager.swift"; sourceTree = "<group>"; };
		2D0F7982240FDA4000F914BE /* ErrorReport.swift */ = {isa = PBXFileReference; fileEncoding = 4; lastKnownFileType = sourcecode.swift; path = ErrorReport.swift; sourceTree = "<group>"; };
		2D0F7983240FDA4000F914BE /* AlertModel.swift */ = {isa = PBXFileReference; fileEncoding = 4; lastKnownFileType = sourcecode.swift; path = AlertModel.swift; sourceTree = "<group>"; };
		2D0F7984240FDA4000F914BE /* UIAlertController+ErrorHandler.swift */ = {isa = PBXFileReference; fileEncoding = 4; lastKnownFileType = sourcecode.swift; path = "UIAlertController+ErrorHandler.swift"; sourceTree = "<group>"; };
		2D0F7985240FDA4000F914BE /* Cause.swift */ = {isa = PBXFileReference; fileEncoding = 4; lastKnownFileType = sourcecode.swift; path = Cause.swift; sourceTree = "<group>"; };
		2D0F7986240FDA4000F914BE /* ErrorHandler.swift */ = {isa = PBXFileReference; fileEncoding = 4; lastKnownFileType = sourcecode.swift; path = ErrorHandler.swift; sourceTree = "<group>"; };
		2D0F7987240FDA4000F914BE /* PreconditionFailed.swift */ = {isa = PBXFileReference; fileEncoding = 4; lastKnownFileType = sourcecode.swift; path = PreconditionFailed.swift; sourceTree = "<group>"; };
		2D0F7995240FDB6000F914BE /* NewsService.swift */ = {isa = PBXFileReference; lastKnownFileType = sourcecode.swift; path = NewsService.swift; sourceTree = "<group>"; };
		2D0F7998240FDC7800F914BE /* NewsList.swift */ = {isa = PBXFileReference; lastKnownFileType = sourcecode.swift; path = NewsList.swift; sourceTree = "<group>"; };
		2D9DC19524140B74000E2ACD /* NewsItemTableViewCell.swift */ = {isa = PBXFileReference; lastKnownFileType = sourcecode.swift; path = NewsItemTableViewCell.swift; sourceTree = "<group>"; };
		2D9DC199241419AC000E2ACD /* NewsDetailsViewController.swift */ = {isa = PBXFileReference; lastKnownFileType = sourcecode.swift; path = NewsDetailsViewController.swift; sourceTree = "<group>"; };
/* End PBXFileReference section */

/* Begin PBXFrameworksBuildPhase section */
		2D0F7935240D793B00F914BE /* Frameworks */ = {
			isa = PBXFrameworksBuildPhase;
			buildActionMask = 2147483647;
			files = (
				2D9DC19E2414235E000E2ACD /* Kingfisher in Frameworks */,
			);
			runOnlyForDeploymentPostprocessing = 0;
		};
		2D0F794B240D793D00F914BE /* Frameworks */ = {
			isa = PBXFrameworksBuildPhase;
			buildActionMask = 2147483647;
			files = (
			);
			runOnlyForDeploymentPostprocessing = 0;
		};
/* End PBXFrameworksBuildPhase section */

/* Begin PBXGroup section */
		2D0F792F240D793B00F914BE = {
			isa = PBXGroup;
			children = (
				2D0F793A240D793B00F914BE /* NewsApp */,
				2D0F7951240D793D00F914BE /* NewsAppTests */,
				2D0F7939240D793B00F914BE /* Products */,
			);
			sourceTree = "<group>";
		};
		2D0F7939240D793B00F914BE /* Products */ = {
			isa = PBXGroup;
			children = (
				2D0F7938240D793B00F914BE /* NewsApp.app */,
				2D0F794E240D793D00F914BE /* NewsAppTests.xctest */,
			);
			name = Products;
			sourceTree = "<group>";
		};
		2D0F793A240D793B00F914BE /* NewsApp */ = {
			isa = PBXGroup;
			children = (
				2D0F796E240FD9DB00F914BE /* Networking */,
				2D0F793B240D793C00F914BE /* AppDelegate.swift */,
				2D0F795D240D7A3100F914BE /* AppFlowController.swift */,
				2D0F7995240FDB6000F914BE /* NewsService.swift */,
				2D9DC19424140B49000E2ACD /* NewsList */,
				2D9DC19824141966000E2ACD /* NewsDetails */,
				2D0F7994240FDB3900F914BE /* Extensions */,
				2D0F7960240D7ABD00F914BE /* Supporting files */,
			);
			path = NewsApp;
			sourceTree = "<group>";
		};
		2D0F7951240D793D00F914BE /* NewsAppTests */ = {
			isa = PBXGroup;
			children = (
				2D0F7952240D793D00F914BE /* NewsAppTests.swift */,
				2D0F7954240D793D00F914BE /* Info.plist */,
			);
			path = NewsAppTests;
			sourceTree = "<group>";
		};
		2D0F7960240D7ABD00F914BE /* Supporting files */ = {
			isa = PBXGroup;
			children = (
				2D0F7944240D793D00F914BE /* Assets.xcassets */,
				2D0F7946240D793D00F914BE /* LaunchScreen.storyboard */,
				2D0F7949240D793D00F914BE /* Info.plist */,
				2D0F7961240D7B5000F914BE /* debug.xcconfig */,
			);
			path = "Supporting files";
			sourceTree = "<group>";
		};
		2D0F796E240FD9DB00F914BE /* Networking */ = {
			isa = PBXGroup;
			children = (
				2D0F7981240FDA3300F914BE /* Error handler */,
				2D0F7974240FDA1E00F914BE /* Data+NetworkManager.swift */,
				2D0F7973240FDA1E00F914BE /* NetworkConfiguration.swift */,
				2D0F7970240FDA1D00F914BE /* NetworkConstants.swift */,
				2D0F7971240FDA1D00F914BE /* NetworkManager.swift */,
				2D0F796F240FDA1D00F914BE /* Resource.swift */,
				2D0F7972240FDA1E00F914BE /* URL+NetworkManager.swift */,
			);
			path = Networking;
			sourceTree = "<group>";
		};
		2D0F7981240FDA3300F914BE /* Error handler */ = {
			isa = PBXGroup;
			children = (
				2D0F7983240FDA4000F914BE /* AlertModel.swift */,
				2D0F7985240FDA4000F914BE /* Cause.swift */,
				2D0F7986240FDA4000F914BE /* ErrorHandler.swift */,
				2D0F7982240FDA4000F914BE /* ErrorReport.swift */,
				2D0F7987240FDA4000F914BE /* PreconditionFailed.swift */,
				2D0F7984240FDA4000F914BE /* UIAlertController+ErrorHandler.swift */,
			);
			path = "Error handler";
			sourceTree = "<group>";
		};
		2D0F7994240FDB3900F914BE /* Extensions */ = {
			isa = PBXGroup;
			children = (
				2D0F7968240D7D0F00F914BE /* UIColor+App.swift */,
				2D0F796B240D7FA800F914BE /* UIViewController+Child.swift */,
			);
			path = Extensions;
			sourceTree = "<group>";
		};
		2D9DC19424140B49000E2ACD /* NewsList */ = {
			isa = PBXGroup;
			children = (
				2D0F7962240D7C9600F914BE /* NewsListViewController.swift */,
				2D0F7998240FDC7800F914BE /* NewsList.swift */,
				2D9DC19524140B74000E2ACD /* NewsItemTableViewCell.swift */,
			);
			path = NewsList;
			sourceTree = "<group>";
		};
		2D9DC19824141966000E2ACD /* NewsDetails */ = {
			isa = PBXGroup;
			children = (
				2D9DC199241419AC000E2ACD /* NewsDetailsViewController.swift */,
			);
			path = NewsDetails;
			sourceTree = "<group>";
		};
/* End PBXGroup section */

/* Begin PBXNativeTarget section */
		2D0F7937240D793B00F914BE /* NewsApp */ = {
			isa = PBXNativeTarget;
			buildConfigurationList = 2D0F7957240D793D00F914BE /* Build configuration list for PBXNativeTarget "NewsApp" */;
			buildPhases = (
				2D0F7934240D793B00F914BE /* Sources */,
				2D0F7935240D793B00F914BE /* Frameworks */,
				2D0F7936240D793B00F914BE /* Resources */,
			);
			buildRules = (
			);
			dependencies = (
			);
			name = NewsApp;
			packageProductDependencies = (
				2D9DC19D2414235E000E2ACD /* Kingfisher */,
			);
			productName = NewsApp;
			productReference = 2D0F7938240D793B00F914BE /* NewsApp.app */;
			productType = "com.apple.product-type.application";
		};
		2D0F794D240D793D00F914BE /* NewsAppTests */ = {
			isa = PBXNativeTarget;
			buildConfigurationList = 2D0F795A240D793D00F914BE /* Build configuration list for PBXNativeTarget "NewsAppTests" */;
			buildPhases = (
				2D0F794A240D793D00F914BE /* Sources */,
				2D0F794B240D793D00F914BE /* Frameworks */,
				2D0F794C240D793D00F914BE /* Resources */,
			);
			buildRules = (
			);
			dependencies = (
				2D0F7950240D793D00F914BE /* PBXTargetDependency */,
			);
			name = NewsAppTests;
			productName = NewsAppTests;
			productReference = 2D0F794E240D793D00F914BE /* NewsAppTests.xctest */;
			productType = "com.apple.product-type.bundle.unit-test";
		};
/* End PBXNativeTarget section */

/* Begin PBXProject section */
		2D0F7930240D793B00F914BE /* Project object */ = {
			isa = PBXProject;
			attributes = {
				LastSwiftUpdateCheck = 1130;
				LastUpgradeCheck = 1130;
				ORGANIZATIONNAME = Nikola;
				TargetAttributes = {
					2D0F7937240D793B00F914BE = {
						CreatedOnToolsVersion = 11.3.1;
					};
					2D0F794D240D793D00F914BE = {
						CreatedOnToolsVersion = 11.3.1;
						TestTargetID = 2D0F7937240D793B00F914BE;
					};
				};
			};
			buildConfigurationList = 2D0F7933240D793B00F914BE /* Build configuration list for PBXProject "NewsApp" */;
			compatibilityVersion = "Xcode 9.3";
			developmentRegion = en;
			hasScannedForEncodings = 0;
			knownRegions = (
				en,
				Base,
			);
			mainGroup = 2D0F792F240D793B00F914BE;
			packageReferences = (
				2D9DC19C2414235E000E2ACD /* XCRemoteSwiftPackageReference "Kingfisher" */,
			);
			productRefGroup = 2D0F7939240D793B00F914BE /* Products */;
			projectDirPath = "";
			projectRoot = "";
			targets = (
				2D0F7937240D793B00F914BE /* NewsApp */,
				2D0F794D240D793D00F914BE /* NewsAppTests */,
			);
		};
/* End PBXProject section */

/* Begin PBXResourcesBuildPhase section */
		2D0F7936240D793B00F914BE /* Resources */ = {
			isa = PBXResourcesBuildPhase;
			buildActionMask = 2147483647;
			files = (
				2D0F7948240D793D00F914BE /* LaunchScreen.storyboard in Resources */,
				2D0F7945240D793D00F914BE /* Assets.xcassets in Resources */,
			);
			runOnlyForDeploymentPostprocessing = 0;
		};
		2D0F794C240D793D00F914BE /* Resources */ = {
			isa = PBXResourcesBuildPhase;
			buildActionMask = 2147483647;
			files = (
			);
			runOnlyForDeploymentPostprocessing = 0;
		};
/* End PBXResourcesBuildPhase section */

/* Begin PBXSourcesBuildPhase section */
		2D0F7934240D793B00F914BE /* Sources */ = {
			isa = PBXSourcesBuildPhase;
			buildActionMask = 2147483647;
			files = (
				2D0F7992240FDA4100F914BE /* PreconditionFailed.swift in Sources */,
				2D0F7977240FDA1E00F914BE /* NetworkConstants.swift in Sources */,
				2D0F798A240FDA4100F914BE /* AlertModel.swift in Sources */,
				2D0F7999240FDC7800F914BE /* NewsList.swift in Sources */,
				2D0F797D240FDA1E00F914BE /* NetworkConfiguration.swift in Sources */,
				2D0F796C240D7FA800F914BE /* UIViewController+Child.swift in Sources */,
				2D0F7963240D7C9600F914BE /* NewsListViewController.swift in Sources */,
				2D0F7990240FDA4100F914BE /* ErrorHandler.swift in Sources */,
				2D0F7969240D7D0F00F914BE /* UIColor+App.swift in Sources */,
				2D0F7979240FDA1E00F914BE /* NetworkManager.swift in Sources */,
				2D0F797B240FDA1E00F914BE /* URL+NetworkManager.swift in Sources */,
				2D0F7975240FDA1E00F914BE /* Resource.swift in Sources */,
				2D0F797F240FDA1E00F914BE /* Data+NetworkManager.swift in Sources */,
				2D9DC19624140B74000E2ACD /* NewsItemTableViewCell.swift in Sources */,
				2D0F7996240FDB6000F914BE /* NewsService.swift in Sources */,
				2D9DC19A241419AC000E2ACD /* NewsDetailsViewController.swift in Sources */,
				2D0F798C240FDA4100F914BE /* UIAlertController+ErrorHandler.swift in Sources */,
				2D0F798E240FDA4100F914BE /* Cause.swift in Sources */,
				2D0F795E240D7A3100F914BE /* AppFlowController.swift in Sources */,
				2D0F7988240FDA4100F914BE /* ErrorReport.swift in Sources */,
				2D0F793C240D793C00F914BE /* AppDelegate.swift in Sources */,
			);
			runOnlyForDeploymentPostprocessing = 0;
		};
		2D0F794A240D793D00F914BE /* Sources */ = {
			isa = PBXSourcesBuildPhase;
			buildActionMask = 2147483647;
			files = (
				2D0F7993240FDA4100F914BE /* PreconditionFailed.swift in Sources */,
				2D0F7978240FDA1E00F914BE /* NetworkConstants.swift in Sources */,
				2D0F798B240FDA4100F914BE /* AlertModel.swift in Sources */,
				2D0F799A240FDC7900F914BE /* NewsList.swift in Sources */,
				2D0F797E240FDA1E00F914BE /* NetworkConfiguration.swift in Sources */,
				2D0F796D240D7FA800F914BE /* UIViewController+Child.swift in Sources */,
				2D0F7964240D7C9600F914BE /* NewsListViewController.swift in Sources */,
				2D0F7991240FDA4100F914BE /* ErrorHandler.swift in Sources */,
				2D0F796A240D7D0F00F914BE /* UIColor+App.swift in Sources */,
				2D0F797A240FDA1E00F914BE /* NetworkManager.swift in Sources */,
				2D0F797C240FDA1E00F914BE /* URL+NetworkManager.swift in Sources */,
				2D0F7976240FDA1E00F914BE /* Resource.swift in Sources */,
				2D0F7980240FDA1E00F914BE /* Data+NetworkManager.swift in Sources */,
				2D9DC19724140B74000E2ACD /* NewsItemTableViewCell.swift in Sources */,
				2D0F7997240FDB6000F914BE /* NewsService.swift in Sources */,
				2D9DC19B241419AC000E2ACD /* NewsDetailsViewController.swift in Sources */,
				2D0F798D240FDA4100F914BE /* UIAlertController+ErrorHandler.swift in Sources */,
				2D0F798F240FDA4100F914BE /* Cause.swift in Sources */,
				2D0F7953240D793D00F914BE /* NewsAppTests.swift in Sources */,
				2D0F7989240FDA4100F914BE /* ErrorReport.swift in Sources */,
				2D0F795F240D7A3100F914BE /* AppFlowController.swift in Sources */,
			);
			runOnlyForDeploymentPostprocessing = 0;
		};
/* End PBXSourcesBuildPhase section */

/* Begin PBXTargetDependency section */
		2D0F7950240D793D00F914BE /* PBXTargetDependency */ = {
			isa = PBXTargetDependency;
			target = 2D0F7937240D793B00F914BE /* NewsApp */;
			targetProxy = 2D0F794F240D793D00F914BE /* PBXContainerItemProxy */;
		};
/* End PBXTargetDependency section */

/* Begin PBXVariantGroup section */
		2D0F7946240D793D00F914BE /* LaunchScreen.storyboard */ = {
			isa = PBXVariantGroup;
			children = (
				2D0F7947240D793D00F914BE /* Base */,
			);
			name = LaunchScreen.storyboard;
			sourceTree = "<group>";
		};
/* End PBXVariantGroup section */

/* Begin XCBuildConfiguration section */
		2D0F7955240D793D00F914BE /* Debug */ = {
			isa = XCBuildConfiguration;
			baseConfigurationReference = 2D0F7961240D7B5000F914BE /* debug.xcconfig */;
			buildSettings = {
				ALWAYS_SEARCH_USER_PATHS = NO;
				CLANG_ANALYZER_NONNULL = YES;
				CLANG_ANALYZER_NUMBER_OBJECT_CONVERSION = YES_AGGRESSIVE;
				CLANG_CXX_LANGUAGE_STANDARD = "gnu++14";
				CLANG_CXX_LIBRARY = "libc++";
				CLANG_ENABLE_MODULES = YES;
				CLANG_ENABLE_OBJC_ARC = YES;
				CLANG_ENABLE_OBJC_WEAK = YES;
				CLANG_WARN_BLOCK_CAPTURE_AUTORELEASING = YES;
				CLANG_WARN_BOOL_CONVERSION = YES;
				CLANG_WARN_COMMA = YES;
				CLANG_WARN_CONSTANT_CONVERSION = YES;
				CLANG_WARN_DEPRECATED_OBJC_IMPLEMENTATIONS = YES;
				CLANG_WARN_DIRECT_OBJC_ISA_USAGE = YES_ERROR;
				CLANG_WARN_DOCUMENTATION_COMMENTS = YES;
				CLANG_WARN_EMPTY_BODY = YES;
				CLANG_WARN_ENUM_CONVERSION = YES;
				CLANG_WARN_INFINITE_RECURSION = YES;
				CLANG_WARN_INT_CONVERSION = YES;
				CLANG_WARN_NON_LITERAL_NULL_CONVERSION = YES;
				CLANG_WARN_OBJC_IMPLICIT_RETAIN_SELF = YES;
				CLANG_WARN_OBJC_LITERAL_CONVERSION = YES;
				CLANG_WARN_OBJC_ROOT_CLASS = YES_ERROR;
				CLANG_WARN_RANGE_LOOP_ANALYSIS = YES;
				CLANG_WARN_STRICT_PROTOTYPES = YES;
				CLANG_WARN_SUSPICIOUS_MOVE = YES;
				CLANG_WARN_UNGUARDED_AVAILABILITY = YES_AGGRESSIVE;
				CLANG_WARN_UNREACHABLE_CODE = YES;
				CLANG_WARN__DUPLICATE_METHOD_MATCH = YES;
				COPY_PHASE_STRIP = NO;
				DEBUG_INFORMATION_FORMAT = dwarf;
				ENABLE_STRICT_OBJC_MSGSEND = YES;
				ENABLE_TESTABILITY = YES;
				GCC_C_LANGUAGE_STANDARD = gnu11;
				GCC_DYNAMIC_NO_PIC = NO;
				GCC_NO_COMMON_BLOCKS = YES;
				GCC_OPTIMIZATION_LEVEL = 0;
				GCC_PREPROCESSOR_DEFINITIONS = (
					"DEBUG=1",
					"$(inherited)",
				);
				GCC_WARN_64_TO_32_BIT_CONVERSION = YES;
				GCC_WARN_ABOUT_RETURN_TYPE = YES_ERROR;
				GCC_WARN_UNDECLARED_SELECTOR = YES;
				GCC_WARN_UNINITIALIZED_AUTOS = YES_AGGRESSIVE;
				GCC_WARN_UNUSED_FUNCTION = YES;
				GCC_WARN_UNUSED_VARIABLE = YES;
				IPHONEOS_DEPLOYMENT_TARGET = 10.0;
				MTL_ENABLE_DEBUG_INFO = INCLUDE_SOURCE;
				MTL_FAST_MATH = YES;
				ONLY_ACTIVE_ARCH = YES;
				SDKROOT = iphoneos;
				SWIFT_ACTIVE_COMPILATION_CONDITIONS = DEBUG;
				SWIFT_OPTIMIZATION_LEVEL = "-Onone";
			};
			name = Debug;
		};
		2D0F7956240D793D00F914BE /* Release */ = {
			isa = XCBuildConfiguration;
			baseConfigurationReference = 2D0F7961240D7B5000F914BE /* debug.xcconfig */;
			buildSettings = {
				ALWAYS_SEARCH_USER_PATHS = NO;
				CLANG_ANALYZER_NONNULL = YES;
				CLANG_ANALYZER_NUMBER_OBJECT_CONVERSION = YES_AGGRESSIVE;
				CLANG_CXX_LANGUAGE_STANDARD = "gnu++14";
				CLANG_CXX_LIBRARY = "libc++";
				CLANG_ENABLE_MODULES = YES;
				CLANG_ENABLE_OBJC_ARC = YES;
				CLANG_ENABLE_OBJC_WEAK = YES;
				CLANG_WARN_BLOCK_CAPTURE_AUTORELEASING = YES;
				CLANG_WARN_BOOL_CONVERSION = YES;
				CLANG_WARN_COMMA = YES;
				CLANG_WARN_CONSTANT_CONVERSION = YES;
				CLANG_WARN_DEPRECATED_OBJC_IMPLEMENTATIONS = YES;
				CLANG_WARN_DIRECT_OBJC_ISA_USAGE = YES_ERROR;
				CLANG_WARN_DOCUMENTATION_COMMENTS = YES;
				CLANG_WARN_EMPTY_BODY = YES;
				CLANG_WARN_ENUM_CONVERSION = YES;
				CLANG_WARN_INFINITE_RECURSION = YES;
				CLANG_WARN_INT_CONVERSION = YES;
				CLANG_WARN_NON_LITERAL_NULL_CONVERSION = YES;
				CLANG_WARN_OBJC_IMPLICIT_RETAIN_SELF = YES;
				CLANG_WARN_OBJC_LITERAL_CONVERSION = YES;
				CLANG_WARN_OBJC_ROOT_CLASS = YES_ERROR;
				CLANG_WARN_RANGE_LOOP_ANALYSIS = YES;
				CLANG_WARN_STRICT_PROTOTYPES = YES;
				CLANG_WARN_SUSPICIOUS_MOVE = YES;
				CLANG_WARN_UNGUARDED_AVAILABILITY = YES_AGGRESSIVE;
				CLANG_WARN_UNREACHABLE_CODE = YES;
				CLANG_WARN__DUPLICATE_METHOD_MATCH = YES;
				COPY_PHASE_STRIP = NO;
				DEBUG_INFORMATION_FORMAT = "dwarf-with-dsym";
				ENABLE_NS_ASSERTIONS = NO;
				ENABLE_STRICT_OBJC_MSGSEND = YES;
				GCC_C_LANGUAGE_STANDARD = gnu11;
				GCC_NO_COMMON_BLOCKS = YES;
				GCC_WARN_64_TO_32_BIT_CONVERSION = YES;
				GCC_WARN_ABOUT_RETURN_TYPE = YES_ERROR;
				GCC_WARN_UNDECLARED_SELECTOR = YES;
				GCC_WARN_UNINITIALIZED_AUTOS = YES_AGGRESSIVE;
				GCC_WARN_UNUSED_FUNCTION = YES;
				GCC_WARN_UNUSED_VARIABLE = YES;
				IPHONEOS_DEPLOYMENT_TARGET = 10.0;
				MTL_ENABLE_DEBUG_INFO = NO;
				MTL_FAST_MATH = YES;
				SDKROOT = iphoneos;
				SWIFT_COMPILATION_MODE = wholemodule;
				SWIFT_OPTIMIZATION_LEVEL = "-O";
				VALIDATE_PRODUCT = YES;
			};
			name = Release;
		};
		2D0F7958240D793D00F914BE /* Debug */ = {
			isa = XCBuildConfiguration;
			buildSettings = {
				ASSETCATALOG_COMPILER_APPICON_NAME = AppIcon;
				CODE_SIGN_STYLE = Automatic;
				DEVELOPMENT_TEAM = 2XRR59CY6S;
				INFOPLIST_FILE = "NewsApp/Supporting files/Info.plist";
				IPHONEOS_DEPLOYMENT_TARGET = 10.0;
				LD_RUNPATH_SEARCH_PATHS = (
					"$(inherited)",
					"@executable_path/Frameworks",
				);
				PRODUCT_BUNDLE_IDENTIFIER = hr.lioncode.NewsApp;
				PRODUCT_NAME = "$(TARGET_NAME)";
				SWIFT_VERSION = 5.0;
				TARGETED_DEVICE_FAMILY = "1,2";
			};
			name = Debug;
		};
		2D0F7959240D793D00F914BE /* Release */ = {
			isa = XCBuildConfiguration;
			buildSettings = {
				ASSETCATALOG_COMPILER_APPICON_NAME = AppIcon;
				CODE_SIGN_STYLE = Automatic;
				DEVELOPMENT_TEAM = 2XRR59CY6S;
				INFOPLIST_FILE = "NewsApp/Supporting files/Info.plist";
				IPHONEOS_DEPLOYMENT_TARGET = 10.0;
				LD_RUNPATH_SEARCH_PATHS = (
					"$(inherited)",
					"@executable_path/Frameworks",
				);
				PRODUCT_BUNDLE_IDENTIFIER = hr.lioncode.NewsApp;
				PRODUCT_NAME = "$(TARGET_NAME)";
				SWIFT_VERSION = 5.0;
				TARGETED_DEVICE_FAMILY = "1,2";
			};
			name = Release;
		};
		2D0F795B240D793D00F914BE /* Debug */ = {
			isa = XCBuildConfiguration;
			buildSettings = {
				ALWAYS_EMBED_SWIFT_STANDARD_LIBRARIES = YES;
				BUNDLE_LOADER = "$(TEST_HOST)";
				CODE_SIGN_STYLE = Automatic;
				DEVELOPMENT_TEAM = 2XRR59CY6S;
				INFOPLIST_FILE = NewsAppTests/Info.plist;
				IPHONEOS_DEPLOYMENT_TARGET = 13.2;
				LD_RUNPATH_SEARCH_PATHS = (
					"$(inherited)",
					"@executable_path/Frameworks",
					"@loader_path/Frameworks",
				);
				PRODUCT_BUNDLE_IDENTIFIER = hr.lioncode.NewsAppTests;
				PRODUCT_NAME = "$(TARGET_NAME)";
				SWIFT_VERSION = 5.0;
				TARGETED_DEVICE_FAMILY = "1,2";
				TEST_HOST = "$(BUILT_PRODUCTS_DIR)/NewsApp.app/NewsApp";
			};
			name = Debug;
		};
		2D0F795C240D793D00F914BE /* Release */ = {
			isa = XCBuildConfiguration;
			buildSettings = {
				ALWAYS_EMBED_SWIFT_STANDARD_LIBRARIES = YES;
				BUNDLE_LOADER = "$(TEST_HOST)";
				CODE_SIGN_STYLE = Automatic;
				DEVELOPMENT_TEAM = 2XRR59CY6S;
				INFOPLIST_FILE = NewsAppTests/Info.plist;
				IPHONEOS_DEPLOYMENT_TARGET = 13.2;
				LD_RUNPATH_SEARCH_PATHS = (
					"$(inherited)",
					"@executable_path/Frameworks",
					"@loader_path/Frameworks",
				);
				PRODUCT_BUNDLE_IDENTIFIER = hr.lioncode.NewsAppTests;
				PRODUCT_NAME = "$(TARGET_NAME)";
				SWIFT_VERSION = 5.0;
				TARGETED_DEVICE_FAMILY = "1,2";
				TEST_HOST = "$(BUILT_PRODUCTS_DIR)/NewsApp.app/NewsApp";
			};
			name = Release;
		};
/* End XCBuildConfiguration section */

/* Begin XCConfigurationList section */
		2D0F7933240D793B00F914BE /* Build configuration list for PBXProject "NewsApp" */ = {
			isa = XCConfigurationList;
			buildConfigurations = (
				2D0F7955240D793D00F914BE /* Debug */,
				2D0F7956240D793D00F914BE /* Release */,
			);
			defaultConfigurationIsVisible = 0;
			defaultConfigurationName = Release;
		};
		2D0F7957240D793D00F914BE /* Build configuration list for PBXNativeTarget "NewsApp" */ = {
			isa = XCConfigurationList;
			buildConfigurations = (
				2D0F7958240D793D00F914BE /* Debug */,
				2D0F7959240D793D00F914BE /* Release */,
			);
			defaultConfigurationIsVisible = 0;
			defaultConfigurationName = Release;
		};
		2D0F795A240D793D00F914BE /* Build configuration list for PBXNativeTarget "NewsAppTests" */ = {
			isa = XCConfigurationList;
			buildConfigurations = (
				2D0F795B240D793D00F914BE /* Debug */,
				2D0F795C240D793D00F914BE /* Release */,
			);
			defaultConfigurationIsVisible = 0;
			defaultConfigurationName = Release;
		};
/* End XCConfigurationList section */

/* Begin XCRemoteSwiftPackageReference section */
		2D9DC19C2414235E000E2ACD /* XCRemoteSwiftPackageReference "Kingfisher" */ = {
			isa = XCRemoteSwiftPackageReference;
			repositoryURL = "https://github.com/onevcat/Kingfisher.git";
			requirement = {
				kind = upToNextMajorVersion;
				minimumVersion = 5.13.2;
			};
		};
/* End XCRemoteSwiftPackageReference section */

/* Begin XCSwiftPackageProductDependency section */
		2D9DC19D2414235E000E2ACD /* Kingfisher */ = {
			isa = XCSwiftPackageProductDependency;
			package = 2D9DC19C2414235E000E2ACD /* XCRemoteSwiftPackageReference "Kingfisher" */;
			productName = Kingfisher;
		};
/* End XCSwiftPackageProductDependency section */
	};
	rootObject = 2D0F7930240D793B00F914BE /* Project object */;
}
